
Microsoft Visual Studio Solution File, Format Version 12.00
# Visual Studio 15
VisualStudioVersion = 15.0.28307.852
MinimumVisualStudioVersion = 10.0.40219.1
Project("{FAE04EC0-301F-11D3-BF4B-00C04F79EFBC}") = "CustomerService.Api", "CustomerService.Api\CustomerService.Api.csproj", "{B64E1720-07C6-464F-93A2-9285CD9AAF96}"
EndProject
Project("{FAE04EC0-301F-11D3-BF4B-00C04F79EFBC}") = "CustomerService.Data", "CustomerService.Data\CustomerService.Data.csproj", "{C07298B1-0F37-4227-A630-8936AB1E9DDA}"
EndProject
Global
	GlobalSection(SolutionConfigurationPlatforms) = preSolution
		Debug|Any CPU = Debug|Any CPU
		Release|Any CPU = Release|Any CPU
	EndGlobalSection
	GlobalSection(ProjectConfigurationPlatforms) = postSolution
		{B64E1720-07C6-464F-93A2-9285CD9AAF96}.Debug|Any CPU.ActiveCfg = Debug|Any CPU
		{B64E1720-07C6-464F-93A2-9285CD9AAF96}.Debug|Any CPU.Build.0 = Debug|Any CPU
		{B64E1720-07C6-464F-93A2-9285CD9AAF96}.Release|Any CPU.ActiveCfg = Release|Any CPU
		{B64E1720-07C6-464F-93A2-9285CD9AAF96}.Release|Any CPU.Build.0 = Release|Any CPU
		{C07298B1-0F37-4227-A630-8936AB1E9DDA}.Debug|Any CPU.ActiveCfg = Debug|Any CPU
		{C07298B1-0F37-4227-A630-8936AB1E9DDA}.Debug|Any CPU.Build.0 = Debug|Any CPU
		{C07298B1-0F37-4227-A630-8936AB1E9DDA}.Release|Any CPU.ActiveCfg = Release|Any CPU
		{C07298B1-0F37-4227-A630-8936AB1E9DDA}.Release|Any CPU.Build.0 = Release|Any CPU
	EndGlobalSection
	GlobalSection(SolutionProperties) = preSolution
		HideSolutionNode = FALSE
	EndGlobalSection
	GlobalSection(ExtensibilityGlobals) = postSolution
		SolutionGuid = {952D47F6-2DD1-47A0-9BBE-FC69A6412FBC}
	EndGlobalSection
EndGlobal
